
Microsoft Visual Studio Solution File, Format Version 12.00
# Visual Studio Version 17
VisualStudioVersion = 17.11.35219.272
MinimumVisualStudioVersion = 10.0.40219.1
Project("{9A19103F-16F7-4668-BE54-9A1E7A4F7556}") = "LastHope.Web", "LastHope.Web.csproj", "{54A5EF0A-E6E0-49B1-9968-4BF237CE69F7}"
EndProject
Project("{FAE04EC0-301F-11D3-BF4B-00C04F79EFBC}") = "LastHope.Domain", "..\LastHope.Domain\LastHope.Domain.csproj", "{15589165-E117-4AE2-9784-801C531C3746}"
EndProject
Project("{FAE04EC0-301F-11D3-BF4B-00C04F79EFBC}") = "LastHope.Application", "..\LastHope.Application\LastHope.Application.csproj", "{ED8D55A7-C1CC-47F3-A163-22F232F6181D}"
EndProject
Project("{FAE04EC0-301F-11D3-BF4B-00C04F79EFBC}") = "LastHope.Infrastructure", "..\LastHope.Infrastructure\LastHope.Infrastructure.csproj", "{9F22C656-8014-4178-B2BD-996562F039E9}"
EndProject
Global
	GlobalSection(SolutionConfigurationPlatforms) = preSolution
		Debug|Any CPU = Debug|Any CPU
		Release|Any CPU = Release|Any CPU
	EndGlobalSection
	GlobalSection(ProjectConfigurationPlatforms) = postSolution
		{54A5EF0A-E6E0-49B1-9968-4BF237CE69F7}.Debug|Any CPU.ActiveCfg = Debug|Any CPU
		{54A5EF0A-E6E0-49B1-9968-4BF237CE69F7}.Debug|Any CPU.Build.0 = Debug|Any CPU
		{54A5EF0A-E6E0-49B1-9968-4BF237CE69F7}.Release|Any CPU.ActiveCfg = Release|Any CPU
		{54A5EF0A-E6E0-49B1-9968-4BF237CE69F7}.Release|Any CPU.Build.0 = Release|Any CPU
		{15589165-E117-4AE2-9784-801C531C3746}.Debug|Any CPU.ActiveCfg = Debug|Any CPU
		{15589165-E117-4AE2-9784-801C531C3746}.Debug|Any CPU.Build.0 = Debug|Any CPU
		{15589165-E117-4AE2-9784-801C531C3746}.Release|Any CPU.ActiveCfg = Release|Any CPU
		{15589165-E117-4AE2-9784-801C531C3746}.Release|Any CPU.Build.0 = Release|Any CPU
		{ED8D55A7-C1CC-47F3-A163-22F232F6181D}.Debug|Any CPU.ActiveCfg = Debug|Any CPU
		{ED8D55A7-C1CC-47F3-A163-22F232F6181D}.Debug|Any CPU.Build.0 = Debug|Any CPU
		{ED8D55A7-C1CC-47F3-A163-22F232F6181D}.Release|Any CPU.ActiveCfg = Release|Any CPU
		{ED8D55A7-C1CC-47F3-A163-22F232F6181D}.Release|Any CPU.Build.0 = Release|Any CPU
		{9F22C656-8014-4178-B2BD-996562F039E9}.Debug|Any CPU.ActiveCfg = Debug|Any CPU
		{9F22C656-8014-4178-B2BD-996562F039E9}.Debug|Any CPU.Build.0 = Debug|Any CPU
		{9F22C656-8014-4178-B2BD-996562F039E9}.Release|Any CPU.ActiveCfg = Release|Any CPU
		{9F22C656-8014-4178-B2BD-996562F039E9}.Release|Any CPU.Build.0 = Release|Any CPU
	EndGlobalSection
	GlobalSection(SolutionProperties) = preSolution
		HideSolutionNode = FALSE
	EndGlobalSection
	GlobalSection(ExtensibilityGlobals) = postSolution
		SolutionGuid = {4BB86CF0-F641-4E35-8993-2B66E1E0ED53}
	EndGlobalSection
EndGlobal
